
Microsoft Visual Studio Solution File, Format Version 12.00
# Visual Studio 2013
VisualStudioVersion = 12.0.21005.1
MinimumVisualStudioVersion = 10.0.40219.1
Project("{FAE04EC0-301F-11D3-BF4B-00C04F79EFBC}") = "DBUtility", "DBUtility\DBUtility.csproj", "{ECFBE7C4-FFE7-43FB-BA15-684571506039}"
EndProject
Project("{FAE04EC0-301F-11D3-BF4B-00C04F79EFBC}") = "FoodSafetyMonitoring", "FoodSafetyMonitoring\FoodSafetyMonitoring.csproj", "{CE73DA63-3B6B-49AF-A31E-70F9BB46B6FF}"
EndProject
Project("{FAE04EC0-301F-11D3-BF4B-00C04F79EFBC}") = "AutoUpdate", "AutoUpdate\AutoUpdate.csproj", "{DDF7C87D-1462-444B-831D-AE9733C1C97F}"
EndProject
Global
	GlobalSection(SolutionConfigurationPlatforms) = preSolution
		CD_ROM|Any CPU = CD_ROM|Any CPU
		CD_ROM|x64 = CD_ROM|x64
		CD_ROM|x86 = CD_ROM|x86
		Debug|Any CPU = Debug|Any CPU
		Debug|x64 = Debug|x64
		Debug|x86 = Debug|x86
		DVD-5|Any CPU = DVD-5|Any CPU
		DVD-5|x64 = DVD-5|x64
		DVD-5|x86 = DVD-5|x86
		Release|Any CPU = Release|Any CPU
		Release|x64 = Release|x64
		Release|x86 = Release|x86
		SingleImage|Any CPU = SingleImage|Any CPU
		SingleImage|x64 = SingleImage|x64
		SingleImage|x86 = SingleImage|x86
	EndGlobalSection
	GlobalSection(ProjectConfigurationPlatforms) = postSolution
		{ECFBE7C4-FFE7-43FB-BA15-684571506039}.CD_ROM|Any CPU.ActiveCfg = Release|Any CPU
		{ECFBE7C4-FFE7-43FB-BA15-684571506039}.CD_ROM|Any CPU.Build.0 = Release|Any CPU
		{ECFBE7C4-FFE7-43FB-BA15-684571506039}.CD_ROM|x64.ActiveCfg = Release|Any CPU
		{ECFBE7C4-FFE7-43FB-BA15-684571506039}.CD_ROM|x86.ActiveCfg = Release|Any CPU
		{ECFBE7C4-FFE7-43FB-BA15-684571506039}.Debug|Any CPU.ActiveCfg = Debug|Any CPU
		{ECFBE7C4-FFE7-43FB-BA15-684571506039}.Debug|Any CPU.Build.0 = Debug|Any CPU
		{ECFBE7C4-FFE7-43FB-BA15-684571506039}.Debug|x64.ActiveCfg = Debug|Any CPU
		{ECFBE7C4-FFE7-43FB-BA15-684571506039}.Debug|x86.ActiveCfg = Debug|Any CPU
		{ECFBE7C4-FFE7-43FB-BA15-684571506039}.DVD-5|Any CPU.ActiveCfg = Debug|Any CPU
		{ECFBE7C4-FFE7-43FB-BA15-684571506039}.DVD-5|Any CPU.Build.0 = Debug|Any CPU
		{ECFBE7C4-FFE7-43FB-BA15-684571506039}.DVD-5|x64.ActiveCfg = Debug|Any CPU
		{ECFBE7C4-FFE7-43FB-BA15-684571506039}.DVD-5|x86.ActiveCfg = Debug|Any CPU
		{ECFBE7C4-FFE7-43FB-BA15-684571506039}.Release|Any CPU.ActiveCfg = Release|Any CPU
		{ECFBE7C4-FFE7-43FB-BA15-684571506039}.Release|Any CPU.Build.0 = Release|Any CPU
		{ECFBE7C4-FFE7-43FB-BA15-684571506039}.Release|x64.ActiveCfg = Release|Any CPU
		{ECFBE7C4-FFE7-43FB-BA15-684571506039}.Release|x86.ActiveCfg = Release|Any CPU
		{ECFBE7C4-FFE7-43FB-BA15-684571506039}.SingleImage|Any CPU.ActiveCfg = Release|Any CPU
		{ECFBE7C4-FFE7-43FB-BA15-684571506039}.SingleImage|Any CPU.Build.0 = Release|Any CPU
		{ECFBE7C4-FFE7-43FB-BA15-684571506039}.SingleImage|x64.ActiveCfg = Release|Any CPU
		{ECFBE7C4-FFE7-43FB-BA15-684571506039}.SingleImage|x86.ActiveCfg = Release|Any CPU
		{CE73DA63-3B6B-49AF-A31E-70F9BB46B6FF}.CD_ROM|Any CPU.ActiveCfg = Release|Any CPU
		{CE73DA63-3B6B-49AF-A31E-70F9BB46B6FF}.CD_ROM|Any CPU.Build.0 = Release|Any CPU
		{CE73DA63-3B6B-49AF-A31E-70F9BB46B6FF}.CD_ROM|x64.ActiveCfg = Release|Any CPU
		{CE73DA63-3B6B-49AF-A31E-70F9BB46B6FF}.CD_ROM|x86.ActiveCfg = Release|x86
		{CE73DA63-3B6B-49AF-A31E-70F9BB46B6FF}.CD_ROM|x86.Build.0 = Release|x86
		{CE73DA63-3B6B-49AF-A31E-70F9BB46B6FF}.Debug|Any CPU.ActiveCfg = Debug|Any CPU
		{CE73DA63-3B6B-49AF-A31E-70F9BB46B6FF}.Debug|Any CPU.Build.0 = Debug|Any CPU
		{CE73DA63-3B6B-49AF-A31E-70F9BB46B6FF}.Debug|x64.ActiveCfg = Debug|x86
		{CE73DA63-3B6B-49AF-A31E-70F9BB46B6FF}.Debug|x86.ActiveCfg = Debug|x86
		{CE73DA63-3B6B-49AF-A31E-70F9BB46B6FF}.Debug|x86.Build.0 = Debug|x86
		{CE73DA63-3B6B-49AF-A31E-70F9BB46B6FF}.DVD-5|Any CPU.ActiveCfg = Debug|Any CPU
		{CE73DA63-3B6B-49AF-A31E-70F9BB46B6FF}.DVD-5|Any CPU.Build.0 = Debug|Any CPU
		{CE73DA63-3B6B-49AF-A31E-70F9BB46B6FF}.DVD-5|x64.ActiveCfg = Debug|Any CPU
		{CE73DA63-3B6B-49AF-A31E-70F9BB46B6FF}.DVD-5|x86.ActiveCfg = Debug|x86
		{CE73DA63-3B6B-49AF-A31E-70F9BB46B6FF}.DVD-5|x86.Build.0 = Debug|x86
		{CE73DA63-3B6B-49AF-A31E-70F9BB46B6FF}.Release|Any CPU.ActiveCfg = Release|Any CPU
		{CE73DA63-3B6B-49AF-A31E-70F9BB46B6FF}.Release|Any CPU.Build.0 = Release|Any CPU
		{CE73DA63-3B6B-49AF-A31E-70F9BB46B6FF}.Release|x64.ActiveCfg = Release|x86
		{CE73DA63-3B6B-49AF-A31E-70F9BB46B6FF}.Release|x86.ActiveCfg = Release|x86
		{CE73DA63-3B6B-49AF-A31E-70F9BB46B6FF}.Release|x86.Build.0 = Release|x86
		{CE73DA63-3B6B-49AF-A31E-70F9BB46B6FF}.SingleImage|Any CPU.ActiveCfg = Release|Any CPU
		{CE73DA63-3B6B-49AF-A31E-70F9BB46B6FF}.SingleImage|Any CPU.Build.0 = Release|Any CPU
		{CE73DA63-3B6B-49AF-A31E-70F9BB46B6FF}.SingleImage|x64.ActiveCfg = Release|Any CPU
		{CE73DA63-3B6B-49AF-A31E-70F9BB46B6FF}.SingleImage|x86.ActiveCfg = Release|x86
		{CE73DA63-3B6B-49AF-A31E-70F9BB46B6FF}.SingleImage|x86.Build.0 = Release|x86
		{DDF7C87D-1462-444B-831D-AE9733C1C97F}.CD_ROM|Any CPU.ActiveCfg = Release|Any CPU
		{DDF7C87D-1462-444B-831D-AE9733C1C97F}.CD_ROM|Any CPU.Build.0 = Release|Any CPU
		{DDF7C87D-1462-444B-831D-AE9733C1C97F}.CD_ROM|x64.ActiveCfg = Release|Any CPU
		{DDF7C87D-1462-444B-831D-AE9733C1C97F}.CD_ROM|x86.ActiveCfg = Release|Any CPU
		{DDF7C87D-1462-444B-831D-AE9733C1C97F}.Debug|Any CPU.ActiveCfg = Debug|Any CPU
		{DDF7C87D-1462-444B-831D-AE9733C1C97F}.Debug|Any CPU.Build.0 = Debug|Any CPU
		{DDF7C87D-1462-444B-831D-AE9733C1C97F}.Debug|x64.ActiveCfg = Debug|Any CPU
		{DDF7C87D-1462-444B-831D-AE9733C1C97F}.Debug|x86.ActiveCfg = Debug|Any CPU
		{DDF7C87D-1462-444B-831D-AE9733C1C97F}.DVD-5|Any CPU.ActiveCfg = Debug|Any CPU
		{DDF7C87D-1462-444B-831D-AE9733C1C97F}.DVD-5|Any CPU.Build.0 = Debug|Any CPU
		{DDF7C87D-1462-444B-831D-AE9733C1C97F}.DVD-5|x64.ActiveCfg = Debug|Any CPU
		{DDF7C87D-1462-444B-831D-AE9733C1C97F}.DVD-5|x86.ActiveCfg = Debug|Any CPU
		{DDF7C87D-1462-444B-831D-AE9733C1C97F}.Release|Any CPU.ActiveCfg = Release|Any CPU
		{DDF7C87D-1462-444B-831D-AE9733C1C97F}.Release|Any CPU.Build.0 = Release|Any CPU
		{DDF7C87D-1462-444B-831D-AE9733C1C97F}.Release|x64.ActiveCfg = Release|Any CPU
		{DDF7C87D-1462-444B-831D-AE9733C1C97F}.Release|x86.ActiveCfg = Release|Any CPU
		{DDF7C87D-1462-444B-831D-AE9733C1C97F}.SingleImage|Any CPU.ActiveCfg = Release|Any CPU
		{DDF7C87D-1462-444B-831D-AE9733C1C97F}.SingleImage|Any CPU.Build.0 = Release|Any CPU
		{DDF7C87D-1462-444B-831D-AE9733C1C97F}.SingleImage|x64.ActiveCfg = Release|Any CPU
		{DDF7C87D-1462-444B-831D-AE9733C1C97F}.SingleImage|x86.ActiveCfg = Release|Any CPU
	EndGlobalSection
	GlobalSection(SolutionProperties) = preSolution
		HideSolutionNode = FALSE
	EndGlobalSection
EndGlobal
